
Microsoft Visual Studio Solution File, Format Version 12.00
# Visual Studio Version 16
VisualStudioVersion = 16.0.32106.194
MinimumVisualStudioVersion = 10.0.40219.1
Project("{9A19103F-16F7-4668-BE54-9A1E7A4F7556}") = "BinarySearch_lc_704", "leetCode20220331\BinarySearch_lc_704.csproj", "{4F8DB845-BFDE-4534-B9CA-D11D1A5BF5A2}"
EndProject
Project("{FAE04EC0-301F-11D3-BF4B-00C04F79EFBC}") = "IsUnique", "IsUnique\IsUnique.csproj", "{8273E4FB-B17B-4A02-9661-122BF44C3BC1}"
EndProject
Project("{FAE04EC0-301F-11D3-BF4B-00C04F79EFBC}") = "CheckPermutation", "CheckPermutation\CheckPermutation.csproj", "{97FB85E9-CE98-4F4F-97BF-C705B4ADF13A}"
EndProject
Global
	GlobalSection(SolutionConfigurationPlatforms) = preSolution
		Debug|Any CPU = Debug|Any CPU
		Release|Any CPU = Release|Any CPU
	EndGlobalSection
	GlobalSection(ProjectConfigurationPlatforms) = postSolution
		{4F8DB845-BFDE-4534-B9CA-D11D1A5BF5A2}.Debug|Any CPU.ActiveCfg = Debug|Any CPU
		{4F8DB845-BFDE-4534-B9CA-D11D1A5BF5A2}.Debug|Any CPU.Build.0 = Debug|Any CPU
		{4F8DB845-BFDE-4534-B9CA-D11D1A5BF5A2}.Release|Any CPU.ActiveCfg = Release|Any CPU
		{4F8DB845-BFDE-4534-B9CA-D11D1A5BF5A2}.Release|Any CPU.Build.0 = Release|Any CPU
		{8273E4FB-B17B-4A02-9661-122BF44C3BC1}.Debug|Any CPU.ActiveCfg = Debug|Any CPU
		{8273E4FB-B17B-4A02-9661-122BF44C3BC1}.Debug|Any CPU.Build.0 = Debug|Any CPU
		{8273E4FB-B17B-4A02-9661-122BF44C3BC1}.Release|Any CPU.ActiveCfg = Release|Any CPU
		{8273E4FB-B17B-4A02-9661-122BF44C3BC1}.Release|Any CPU.Build.0 = Release|Any CPU
		{97FB85E9-CE98-4F4F-97BF-C705B4ADF13A}.Debug|Any CPU.ActiveCfg = Debug|Any CPU
		{97FB85E9-CE98-4F4F-97BF-C705B4ADF13A}.Debug|Any CPU.Build.0 = Debug|Any CPU
		{97FB85E9-CE98-4F4F-97BF-C705B4ADF13A}.Release|Any CPU.ActiveCfg = Release|Any CPU
		{97FB85E9-CE98-4F4F-97BF-C705B4ADF13A}.Release|Any CPU.Build.0 = Release|Any CPU
	EndGlobalSection
	GlobalSection(SolutionProperties) = preSolution
		HideSolutionNode = FALSE
	EndGlobalSection
	GlobalSection(ExtensibilityGlobals) = postSolution
		SolutionGuid = {0E4B2A7E-EAE3-4AEC-B360-163C05A3033B}
	EndGlobalSection
EndGlobal
